// !$*UTF8*$!
{
	archiveVersion = 1;
	classes = {
	};
	objectVersion = 46;
	objects = {

/* Begin PBXBuildFile section */
		67A4F6A71928211300B830A7 /* libEstimoteSDK.a in Frameworks */ = {isa = PBXBuildFile; fileRef = 67A4F6A61928211300B830A7 /* libEstimoteSDK.a */; };
		67D0C25D1927B62E00F59CC8 /* SAEvent.m in Sources */ = {isa = PBXBuildFile; fileRef = 67D0C2541927B62E00F59CC8 /* SAEvent.m */; };
		67D0C25E1927B62E00F59CC8 /* SAUser.m in Sources */ = {isa = PBXBuildFile; fileRef = 67D0C2561927B62E00F59CC8 /* SAUser.m */; };
		67D0C25F1927B62E00F59CC8 /* SACoreDataManager.m in Sources */ = {isa = PBXBuildFile; fileRef = 67D0C2581927B62E00F59CC8 /* SACoreDataManager.m */; };
		67D0C2631927B66300F59CC8 /* SADefines.m in Sources */ = {isa = PBXBuildFile; fileRef = 67D0C2621927B66300F59CC8 /* SADefines.m */; };
		67D0C2661927BAD200F59CC8 /* SARequestManager.m in Sources */ = {isa = PBXBuildFile; fileRef = 67D0C2651927BAD200F59CC8 /* SARequestManager.m */; };
		67D0C2681927C44700F59CC8 /* CoreLocation.framework in Frameworks */ = {isa = PBXBuildFile; fileRef = 67D0C2671927C44700F59CC8 /* CoreLocation.framework */; };
		67D0C26A1927C44F00F59CC8 /* CoreBluetooth.framework in Frameworks */ = {isa = PBXBuildFile; fileRef = 67D0C2691927C44F00F59CC8 /* CoreBluetooth.framework */; };
		67F6D496192748D700013623 /* Foundation.framework in Frameworks */ = {isa = PBXBuildFile; fileRef = 67F6D495192748D700013623 /* Foundation.framework */; };
		67F6D498192748D700013623 /* CoreGraphics.framework in Frameworks */ = {isa = PBXBuildFile; fileRef = 67F6D497192748D700013623 /* CoreGraphics.framework */; };
		67F6D49A192748D700013623 /* UIKit.framework in Frameworks */ = {isa = PBXBuildFile; fileRef = 67F6D499192748D700013623 /* UIKit.framework */; };
		67F6D4A0192748D700013623 /* InfoPlist.strings in Resources */ = {isa = PBXBuildFile; fileRef = 67F6D49E192748D700013623 /* InfoPlist.strings */; };
		67F6D4A2192748D700013623 /* main.m in Sources */ = {isa = PBXBuildFile; fileRef = 67F6D4A1192748D700013623 /* main.m */; };
		67F6D4A6192748D700013623 /* SAAppDelegate.m in Sources */ = {isa = PBXBuildFile; fileRef = 67F6D4A5192748D700013623 /* SAAppDelegate.m */; };
		67F6D4A9192748D700013623 /* SASmartAssist.storyboard in Resources */ = {isa = PBXBuildFile; fileRef = 67F6D4A7192748D700013623 /* SASmartAssist.storyboard */; };
		67F6D4AE192748D700013623 /* Images.xcassets in Resources */ = {isa = PBXBuildFile; fileRef = 67F6D4AD192748D700013623 /* Images.xcassets */; };
		67F6D4B5192748D700013623 /* XCTest.framework in Frameworks */ = {isa = PBXBuildFile; fileRef = 67F6D4B4192748D700013623 /* XCTest.framework */; };
		67F6D4B6192748D700013623 /* Foundation.framework in Frameworks */ = {isa = PBXBuildFile; fileRef = 67F6D495192748D700013623 /* Foundation.framework */; };
		67F6D4B7192748D700013623 /* UIKit.framework in Frameworks */ = {isa = PBXBuildFile; fileRef = 67F6D499192748D700013623 /* UIKit.framework */; };
		67F6D4BF192748D700013623 /* InfoPlist.strings in Resources */ = {isa = PBXBuildFile; fileRef = 67F6D4BD192748D700013623 /* InfoPlist.strings */; };
		67F6D4C1192748D700013623 /* SmartAssistTests.m in Sources */ = {isa = PBXBuildFile; fileRef = 67F6D4C0192748D700013623 /* SmartAssistTests.m */; };
		67F6D4D11927562F00013623 /* CoreData.framework in Frameworks */ = {isa = PBXBuildFile; fileRef = 67F6D4D01927562F00013623 /* CoreData.framework */; };
		67F6D4D41927564300013623 /* SmartAssist.xcdatamodeld in Sources */ = {isa = PBXBuildFile; fileRef = 67F6D4D21927564300013623 /* SmartAssist.xcdatamodeld */; };
		67F6D5E019277FFD00013623 /* AFHTTPRequestOperation.m in Sources */ = {isa = PBXBuildFile; fileRef = 67F6D5CE19277FFD00013623 /* AFHTTPRequestOperation.m */; };
		67F6D5E119277FFD00013623 /* AFHTTPRequestOperationManager.m in Sources */ = {isa = PBXBuildFile; fileRef = 67F6D5D019277FFD00013623 /* AFHTTPRequestOperationManager.m */; };
		67F6D5E219277FFD00013623 /* AFHTTPSessionManager.m in Sources */ = {isa = PBXBuildFile; fileRef = 67F6D5D219277FFD00013623 /* AFHTTPSessionManager.m */; };
		67F6D5E319277FFD00013623 /* AFNetworkReachabilityManager.m in Sources */ = {isa = PBXBuildFile; fileRef = 67F6D5D519277FFD00013623 /* AFNetworkReachabilityManager.m */; };
		67F6D5E419277FFD00013623 /* AFSecurityPolicy.m in Sources */ = {isa = PBXBuildFile; fileRef = 67F6D5D719277FFD00013623 /* AFSecurityPolicy.m */; };
		67F6D5E519277FFD00013623 /* AFURLConnectionOperation.m in Sources */ = {isa = PBXBuildFile; fileRef = 67F6D5D919277FFD00013623 /* AFURLConnectionOperation.m */; };
		67F6D5E619277FFD00013623 /* AFURLRequestSerialization.m in Sources */ = {isa = PBXBuildFile; fileRef = 67F6D5DB19277FFD00013623 /* AFURLRequestSerialization.m */; };
		67F6D5E719277FFD00013623 /* AFURLResponseSerialization.m in Sources */ = {isa = PBXBuildFile; fileRef = 67F6D5DD19277FFD00013623 /* AFURLResponseSerialization.m */; };
		67F6D5E819277FFD00013623 /* AFURLSessionManager.m in Sources */ = {isa = PBXBuildFile; fileRef = 67F6D5DF19277FFD00013623 /* AFURLSessionManager.m */; };
		67F6D5F11927878A00013623 /* SASplashViewController.m in Sources */ = {isa = PBXBuildFile; fileRef = 67F6D5F01927878A00013623 /* SASplashViewController.m */; };
		67F6D5F4192787D400013623 /* SAMainViewController.m in Sources */ = {isa = PBXBuildFile; fileRef = 67F6D5F3192787D400013623 /* SAMainViewController.m */; };
		67F6D5F81927A55300013623 /* SAEventTableViewCell.m in Sources */ = {isa = PBXBuildFile; fileRef = 67F6D5F71927A55300013623 /* SAEventTableViewCell.m */; };
/* End PBXBuildFile section */

/* Begin PBXContainerItemProxy section */
		67F6D4B8192748D700013623 /* PBXContainerItemProxy */ = {
			isa = PBXContainerItemProxy;
			containerPortal = 67F6D48A192748D700013623 /* Project object */;
			proxyType = 1;
			remoteGlobalIDString = 67F6D491192748D700013623;
			remoteInfo = SmartAssist;
		};
/* End PBXContainerItemProxy section */

/* Begin PBXFileReference section */
		67A4F6A11928211300B830A7 /* ESTBeacon.h */ = {isa = PBXFileReference; fileEncoding = 4; lastKnownFileType = sourcecode.c.h; path = ESTBeacon.h; sourceTree = "<group>"; };
		67A4F6A21928211300B830A7 /* ESTBeaconDefinitions.h */ = {isa = PBXFileReference; fileEncoding = 4; lastKnownFileType = sourcecode.c.h; path = ESTBeaconDefinitions.h; sourceTree = "<group>"; };
		67A4F6A31928211300B830A7 /* ESTBeaconManager.h */ = {isa = PBXFileReference; fileEncoding = 4; lastKnownFileType = sourcecode.c.h; path = ESTBeaconManager.h; sourceTree = "<group>"; };
		67A4F6A41928211300B830A7 /* ESTBeaconRegion.h */ = {isa = PBXFileReference; fileEncoding = 4; lastKnownFileType = sourcecode.c.h; path = ESTBeaconRegion.h; sourceTree = "<group>"; };
		67A4F6A51928211300B830A7 /* ESTBeaconUpdateInfo.h */ = {isa = PBXFileReference; fileEncoding = 4; lastKnownFileType = sourcecode.c.h; path = ESTBeaconUpdateInfo.h; sourceTree = "<group>"; };
		67A4F6A61928211300B830A7 /* libEstimoteSDK.a */ = {isa = PBXFileReference; lastKnownFileType = archive.ar; path = libEstimoteSDK.a; sourceTree = "<group>"; };
		67D0C2531927B62E00F59CC8 /* SAEvent.h */ = {isa = PBXFileReference; fileEncoding = 4; lastKnownFileType = sourcecode.c.h; path = SAEvent.h; sourceTree = "<group>"; };
		67D0C2541927B62E00F59CC8 /* SAEvent.m */ = {isa = PBXFileReference; fileEncoding = 4; lastKnownFileType = sourcecode.c.objc; path = SAEvent.m; sourceTree = "<group>"; };
		67D0C2551927B62E00F59CC8 /* SAUser.h */ = {isa = PBXFileReference; fileEncoding = 4; lastKnownFileType = sourcecode.c.h; path = SAUser.h; sourceTree = "<group>"; };
		67D0C2561927B62E00F59CC8 /* SAUser.m */ = {isa = PBXFileReference; fileEncoding = 4; lastKnownFileType = sourcecode.c.objc; path = SAUser.m; sourceTree = "<group>"; };
		67D0C2571927B62E00F59CC8 /* SACoreDataManager.h */ = {isa = PBXFileReference; fileEncoding = 4; lastKnownFileType = sourcecode.c.h; path = SACoreDataManager.h; sourceTree = "<group>"; };
		67D0C2581927B62E00F59CC8 /* SACoreDataManager.m */ = {isa = PBXFileReference; fileEncoding = 4; lastKnownFileType = sourcecode.c.objc; path = SACoreDataManager.m; sourceTree = "<group>"; };
		67D0C2611927B66300F59CC8 /* SADefines.h */ = {isa = PBXFileReference; fileEncoding = 4; lastKnownFileType = sourcecode.c.h; path = SADefines.h; sourceTree = "<group>"; };
		67D0C2621927B66300F59CC8 /* SADefines.m */ = {isa = PBXFileReference; fileEncoding = 4; lastKnownFileType = sourcecode.c.objc; path = SADefines.m; sourceTree = "<group>"; };
		67D0C2641927BAD200F59CC8 /* SARequestManager.h */ = {isa = PBXFileReference; fileEncoding = 4; lastKnownFileType = sourcecode.c.h; path = SARequestManager.h; sourceTree = "<group>"; };
		67D0C2651927BAD200F59CC8 /* SARequestManager.m */ = {isa = PBXFileReference; fileEncoding = 4; lastKnownFileType = sourcecode.c.objc; path = SARequestManager.m; sourceTree = "<group>"; };
		67D0C2671927C44700F59CC8 /* CoreLocation.framework */ = {isa = PBXFileReference; lastKnownFileType = wrapper.framework; name = CoreLocation.framework; path = System/Library/Frameworks/CoreLocation.framework; sourceTree = SDKROOT; };
		67D0C2691927C44F00F59CC8 /* CoreBluetooth.framework */ = {isa = PBXFileReference; lastKnownFileType = wrapper.framework; name = CoreBluetooth.framework; path = System/Library/Frameworks/CoreBluetooth.framework; sourceTree = SDKROOT; };
		67F6D492192748D700013623 /* SmartAssist.app */ = {isa = PBXFileReference; explicitFileType = wrapper.application; includeInIndex = 0; path = SmartAssist.app; sourceTree = BUILT_PRODUCTS_DIR; };
		67F6D495192748D700013623 /* Foundation.framework */ = {isa = PBXFileReference; lastKnownFileType = wrapper.framework; name = Foundation.framework; path = System/Library/Frameworks/Foundation.framework; sourceTree = SDKROOT; };
		67F6D497192748D700013623 /* CoreGraphics.framework */ = {isa = PBXFileReference; lastKnownFileType = wrapper.framework; name = CoreGraphics.framework; path = System/Library/Frameworks/CoreGraphics.framework; sourceTree = SDKROOT; };
		67F6D499192748D700013623 /* UIKit.framework */ = {isa = PBXFileReference; lastKnownFileType = wrapper.framework; name = UIKit.framework; path = System/Library/Frameworks/UIKit.framework; sourceTree = SDKROOT; };
		67F6D49D192748D700013623 /* SmartAssist-Info.plist */ = {isa = PBXFileReference; lastKnownFileType = text.plist.xml; path = "SmartAssist-Info.plist"; sourceTree = "<group>"; };
		67F6D49F192748D700013623 /* en */ = {isa = PBXFileReference; lastKnownFileType = text.plist.strings; name = en; path = en.lproj/InfoPlist.strings; sourceTree = "<group>"; };
		67F6D4A1192748D700013623 /* main.m */ = {isa = PBXFileReference; lastKnownFileType = sourcecode.c.objc; path = main.m; sourceTree = "<group>"; };
		67F6D4A3192748D700013623 /* SmartAssist-Prefix.pch */ = {isa = PBXFileReference; lastKnownFileType = sourcecode.c.h; path = "SmartAssist-Prefix.pch"; sourceTree = "<group>"; };
		67F6D4A4192748D700013623 /* SAAppDelegate.h */ = {isa = PBXFileReference; lastKnownFileType = sourcecode.c.h; path = SAAppDelegate.h; sourceTree = "<group>"; };
		67F6D4A5192748D700013623 /* SAAppDelegate.m */ = {isa = PBXFileReference; lastKnownFileType = sourcecode.c.objc; path = SAAppDelegate.m; sourceTree = "<group>"; };
		67F6D4A8192748D700013623 /* Base */ = {isa = PBXFileReference; lastKnownFileType = file.storyboard; name = Base; path = Base.lproj/SASmartAssist.storyboard; sourceTree = "<group>"; };
		67F6D4AD192748D700013623 /* Images.xcassets */ = {isa = PBXFileReference; lastKnownFileType = folder.assetcatalog; path = Images.xcassets; sourceTree = "<group>"; };
		67F6D4B3192748D700013623 /* SmartAssistTests.xctest */ = {isa = PBXFileReference; explicitFileType = wrapper.cfbundle; includeInIndex = 0; path = SmartAssistTests.xctest; sourceTree = BUILT_PRODUCTS_DIR; };
		67F6D4B4192748D700013623 /* XCTest.framework */ = {isa = PBXFileReference; lastKnownFileType = wrapper.framework; name = XCTest.framework; path = Library/Frameworks/XCTest.framework; sourceTree = DEVELOPER_DIR; };
		67F6D4BC192748D700013623 /* SmartAssistTests-Info.plist */ = {isa = PBXFileReference; lastKnownFileType = text.plist.xml; path = "SmartAssistTests-Info.plist"; sourceTree = "<group>"; };
		67F6D4BE192748D700013623 /* en */ = {isa = PBXFileReference; lastKnownFileType = text.plist.strings; name = en; path = en.lproj/InfoPlist.strings; sourceTree = "<group>"; };
		67F6D4C0192748D700013623 /* SmartAssistTests.m */ = {isa = PBXFileReference; lastKnownFileType = sourcecode.c.objc; path = SmartAssistTests.m; sourceTree = "<group>"; };
		67F6D4D01927562F00013623 /* CoreData.framework */ = {isa = PBXFileReference; lastKnownFileType = wrapper.framework; name = CoreData.framework; path = System/Library/Frameworks/CoreData.framework; sourceTree = SDKROOT; };
		67F6D4D31927564300013623 /* SmartAssist.xcdatamodel */ = {isa = PBXFileReference; lastKnownFileType = wrapper.xcdatamodel; path = SmartAssist.xcdatamodel; sourceTree = "<group>"; };
		67F6D5CD19277FFD00013623 /* AFHTTPRequestOperation.h */ = {isa = PBXFileReference; fileEncoding = 4; lastKnownFileType = sourcecode.c.h; path = AFHTTPRequestOperation.h; sourceTree = "<group>"; };
		67F6D5CE19277FFD00013623 /* AFHTTPRequestOperation.m */ = {isa = PBXFileReference; fileEncoding = 4; lastKnownFileType = sourcecode.c.objc; path = AFHTTPRequestOperation.m; sourceTree = "<group>"; };
		67F6D5CF19277FFD00013623 /* AFHTTPRequestOperationManager.h */ = {isa = PBXFileReference; fileEncoding = 4; lastKnownFileType = sourcecode.c.h; path = AFHTTPRequestOperationManager.h; sourceTree = "<group>"; };
		67F6D5D019277FFD00013623 /* AFHTTPRequestOperationManager.m */ = {isa = PBXFileReference; fileEncoding = 4; lastKnownFileType = sourcecode.c.objc; path = AFHTTPRequestOperationManager.m; sourceTree = "<group>"; };
		67F6D5D119277FFD00013623 /* AFHTTPSessionManager.h */ = {isa = PBXFileReference; fileEncoding = 4; lastKnownFileType = sourcecode.c.h; path = AFHTTPSessionManager.h; sourceTree = "<group>"; };
		67F6D5D219277FFD00013623 /* AFHTTPSessionManager.m */ = {isa = PBXFileReference; fileEncoding = 4; lastKnownFileType = sourcecode.c.objc; path = AFHTTPSessionManager.m; sourceTree = "<group>"; };
		67F6D5D319277FFD00013623 /* AFNetworking.h */ = {isa = PBXFileReference; fileEncoding = 4; lastKnownFileType = sourcecode.c.h; path = AFNetworking.h; sourceTree = "<group>"; };
		67F6D5D419277FFD00013623 /* AFNetworkReachabilityManager.h */ = {isa = PBXFileReference; fileEncoding = 4; lastKnownFileType = sourcecode.c.h; path = AFNetworkReachabilityManager.h; sourceTree = "<group>"; };
		67F6D5D519277FFD00013623 /* AFNetworkReachabilityManager.m */ = {isa = PBXFileReference; fileEncoding = 4; lastKnownFileType = sourcecode.c.objc; path = AFNetworkReachabilityManager.m; sourceTree = "<group>"; };
		67F6D5D619277FFD00013623 /* AFSecurityPolicy.h */ = {isa = PBXFileReference; fileEncoding = 4; lastKnownFileType = sourcecode.c.h; path = AFSecurityPolicy.h; sourceTree = "<group>"; };
		67F6D5D719277FFD00013623 /* AFSecurityPolicy.m */ = {isa = PBXFileReference; fileEncoding = 4; lastKnownFileType = sourcecode.c.objc; path = AFSecurityPolicy.m; sourceTree = "<group>"; };
		67F6D5D819277FFD00013623 /* AFURLConnectionOperation.h */ = {isa = PBXFileReference; fileEncoding = 4; lastKnownFileType = sourcecode.c.h; path = AFURLConnectionOperation.h; sourceTree = "<group>"; };
		67F6D5D919277FFD00013623 /* AFURLConnectionOperation.m */ = {isa = PBXFileReference; fileEncoding = 4; lastKnownFileType = sourcecode.c.objc; path = AFURLConnectionOperation.m; sourceTree = "<group>"; };
		67F6D5DA19277FFD00013623 /* AFURLRequestSerialization.h */ = {isa = PBXFileReference; fileEncoding = 4; lastKnownFileType = sourcecode.c.h; path = AFURLRequestSerialization.h; sourceTree = "<group>"; };
		67F6D5DB19277FFD00013623 /* AFURLRequestSerialization.m */ = {isa = PBXFileReference; fileEncoding = 4; lastKnownFileType = sourcecode.c.objc; path = AFURLRequestSerialization.m; sourceTree = "<group>"; };
		67F6D5DC19277FFD00013623 /* AFURLResponseSerialization.h */ = {isa = PBXFileReference; fileEncoding = 4; lastKnownFileType = sourcecode.c.h; path = AFURLResponseSerialization.h; sourceTree = "<group>"; };
		67F6D5DD19277FFD00013623 /* AFURLResponseSerialization.m */ = {isa = PBXFileReference; fileEncoding = 4; lastKnownFileType = sourcecode.c.objc; path = AFURLResponseSerialization.m; sourceTree = "<group>"; };
		67F6D5DE19277FFD00013623 /* AFURLSessionManager.h */ = {isa = PBXFileReference; fileEncoding = 4; lastKnownFileType = sourcecode.c.h; path = AFURLSessionManager.h; sourceTree = "<group>"; };
		67F6D5DF19277FFD00013623 /* AFURLSessionManager.m */ = {isa = PBXFileReference; fileEncoding = 4; lastKnownFileType = sourcecode.c.objc; path = AFURLSessionManager.m; sourceTree = "<group>"; };
		67F6D5EF1927878A00013623 /* SASplashViewController.h */ = {isa = PBXFileReference; fileEncoding = 4; lastKnownFileType = sourcecode.c.h; path = SASplashViewController.h; sourceTree = "<group>"; };
		67F6D5F01927878A00013623 /* SASplashViewController.m */ = {isa = PBXFileReference; fileEncoding = 4; lastKnownFileType = sourcecode.c.objc; path = SASplashViewController.m; sourceTree = "<group>"; };
		67F6D5F2192787D400013623 /* SAMainViewController.h */ = {isa = PBXFileReference; fileEncoding = 4; lastKnownFileType = sourcecode.c.h; path = SAMainViewController.h; sourceTree = "<group>"; };
		67F6D5F3192787D400013623 /* SAMainViewController.m */ = {isa = PBXFileReference; fileEncoding = 4; lastKnownFileType = sourcecode.c.objc; path = SAMainViewController.m; sourceTree = "<group>"; };
		67F6D5F61927A55300013623 /* SAEventTableViewCell.h */ = {isa = PBXFileReference; fileEncoding = 4; lastKnownFileType = sourcecode.c.h; path = SAEventTableViewCell.h; sourceTree = "<group>"; };
		67F6D5F71927A55300013623 /* SAEventTableViewCell.m */ = {isa = PBXFileReference; fileEncoding = 4; lastKnownFileType = sourcecode.c.objc; path = SAEventTableViewCell.m; sourceTree = "<group>"; };
/* End PBXFileReference section */

/* Begin PBXFrameworksBuildPhase section */
		67F6D48F192748D700013623 /* Frameworks */ = {
			isa = PBXFrameworksBuildPhase;
			buildActionMask = 2147483647;
			files = (
				67D0C26A1927C44F00F59CC8 /* CoreBluetooth.framework in Frameworks */,
				67D0C2681927C44700F59CC8 /* CoreLocation.framework in Frameworks */,
				67F6D4D11927562F00013623 /* CoreData.framework in Frameworks */,
				67F6D498192748D700013623 /* CoreGraphics.framework in Frameworks */,
				67F6D49A192748D700013623 /* UIKit.framework in Frameworks */,
				67F6D496192748D700013623 /* Foundation.framework in Frameworks */,
				67A4F6A71928211300B830A7 /* libEstimoteSDK.a in Frameworks */,
			);
			runOnlyForDeploymentPostprocessing = 0;
		};
		67F6D4B0192748D700013623 /* Frameworks */ = {
			isa = PBXFrameworksBuildPhase;
			buildActionMask = 2147483647;
			files = (
				67F6D4B5192748D700013623 /* XCTest.framework in Frameworks */,
				67F6D4B7192748D700013623 /* UIKit.framework in Frameworks */,
				67F6D4B6192748D700013623 /* Foundation.framework in Frameworks */,
			);
			runOnlyForDeploymentPostprocessing = 0;
		};
/* End PBXFrameworksBuildPhase section */

/* Begin PBXGroup section */
		67A4F69F1928211300B830A7 /* EstimoteSDK */ = {
			isa = PBXGroup;
			children = (
				67A4F6A01928211300B830A7 /* Headers */,
				67A4F6A61928211300B830A7 /* libEstimoteSDK.a */,
			);
			path = EstimoteSDK;
			sourceTree = "<group>";
		};
		67A4F6A01928211300B830A7 /* Headers */ = {
			isa = PBXGroup;
			children = (
				67A4F6A11928211300B830A7 /* ESTBeacon.h */,
				67A4F6A21928211300B830A7 /* ESTBeaconDefinitions.h */,
				67A4F6A31928211300B830A7 /* ESTBeaconManager.h */,
				67A4F6A41928211300B830A7 /* ESTBeaconRegion.h */,
				67A4F6A51928211300B830A7 /* ESTBeaconUpdateInfo.h */,
			);
			path = Headers;
			sourceTree = "<group>";
		};
		67D0C2501927B62E00F59CC8 /* BL */ = {
			isa = PBXGroup;
			children = (
				67D0C2511927B62E00F59CC8 /* Core Data */,
			);
			path = BL;
			sourceTree = "<group>";
		};
		67D0C2511927B62E00F59CC8 /* Core Data */ = {
			isa = PBXGroup;
			children = (
				67D0C2521927B62E00F59CC8 /* Objects */,
				67D0C2571927B62E00F59CC8 /* SACoreDataManager.h */,
				67D0C2581927B62E00F59CC8 /* SACoreDataManager.m */,
			);
			path = "Core Data";
			sourceTree = "<group>";
		};
		67D0C2521927B62E00F59CC8 /* Objects */ = {
			isa = PBXGroup;
			children = (
				67D0C2531927B62E00F59CC8 /* SAEvent.h */,
				67D0C2541927B62E00F59CC8 /* SAEvent.m */,
				67D0C2551927B62E00F59CC8 /* SAUser.h */,
				67D0C2561927B62E00F59CC8 /* SAUser.m */,
			);
			path = Objects;
			sourceTree = "<group>";
		};
		67D0C2591927B62E00F59CC8 /* Common */ = {
			isa = PBXGroup;
			children = (
				67D0C2611927B66300F59CC8 /* SADefines.h */,
				67D0C2621927B66300F59CC8 /* SADefines.m */,
			);
			path = Common;
			sourceTree = "<group>";
		};
		67D0C25A1927B62E00F59CC8 /* Networking */ = {
			isa = PBXGroup;
			children = (
				67D0C2641927BAD200F59CC8 /* SARequestManager.h */,
				67D0C2651927BAD200F59CC8 /* SARequestManager.m */,
			);
			path = Networking;
			sourceTree = "<group>";
		};
		67F6D489192748D700013623 = {
			isa = PBXGroup;
			children = (
				67F6D49B192748D700013623 /* SmartAssist */,
				67F6D4BA192748D700013623 /* SmartAssistTests */,
				67F6D494192748D700013623 /* Frameworks */,
				67F6D493192748D700013623 /* Products */,
			);
			sourceTree = "<group>";
		};
		67F6D493192748D700013623 /* Products */ = {
			isa = PBXGroup;
			children = (
				67F6D492192748D700013623 /* SmartAssist.app */,
				67F6D4B3192748D700013623 /* SmartAssistTests.xctest */,
			);
			name = Products;
			sourceTree = "<group>";
		};
		67F6D494192748D700013623 /* Frameworks */ = {
			isa = PBXGroup;
			children = (
				67D0C2691927C44F00F59CC8 /* CoreBluetooth.framework */,
				67D0C2671927C44700F59CC8 /* CoreLocation.framework */,
				67F6D4D01927562F00013623 /* CoreData.framework */,
				67F6D495192748D700013623 /* Foundation.framework */,
				67F6D497192748D700013623 /* CoreGraphics.framework */,
				67F6D499192748D700013623 /* UIKit.framework */,
				67F6D4B4192748D700013623 /* XCTest.framework */,
			);
			name = Frameworks;
			sourceTree = "<group>";
		};
		67F6D49B192748D700013623 /* SmartAssist */ = {
			isa = PBXGroup;
			children = (
				67F6D4CA1927556000013623 /* Classes */,
				67F6D4A4192748D700013623 /* SAAppDelegate.h */,
				67F6D4D21927564300013623 /* SmartAssist.xcdatamodeld */,
				67F6D4A5192748D700013623 /* SAAppDelegate.m */,
				67F6D4A7192748D700013623 /* SASmartAssist.storyboard */,
				67F6D4AD192748D700013623 /* Images.xcassets */,
				67F6D4DB19276DCB00013623 /* Third Parties */,
				67F6D49C192748D700013623 /* Supporting Files */,
			);
			path = SmartAssist;
			sourceTree = "<group>";
		};
		67F6D49C192748D700013623 /* Supporting Files */ = {
			isa = PBXGroup;
			children = (
				67F6D49D192748D700013623 /* SmartAssist-Info.plist */,
				67F6D49E192748D700013623 /* InfoPlist.strings */,
				67F6D4A1192748D700013623 /* main.m */,
				67F6D4A3192748D700013623 /* SmartAssist-Prefix.pch */,
			);
			name = "Supporting Files";
			sourceTree = "<group>";
		};
		67F6D4BA192748D700013623 /* SmartAssistTests */ = {
			isa = PBXGroup;
			children = (
				67F6D4C0192748D700013623 /* SmartAssistTests.m */,
				67F6D4BB192748D700013623 /* Supporting Files */,
			);
			path = SmartAssistTests;
			sourceTree = "<group>";
		};
		67F6D4BB192748D700013623 /* Supporting Files */ = {
			isa = PBXGroup;
			children = (
				67F6D4BC192748D700013623 /* SmartAssistTests-Info.plist */,
				67F6D4BD192748D700013623 /* InfoPlist.strings */,
			);
			name = "Supporting Files";
			sourceTree = "<group>";
		};
		67F6D4CA1927556000013623 /* Classes */ = {
			isa = PBXGroup;
			children = (
				67D0C2591927B62E00F59CC8 /* Common */,
				67F6D4CC192755C300013623 /* UI */,
				67D0C2501927B62E00F59CC8 /* BL */,
				67D0C25A1927B62E00F59CC8 /* Networking */,
			);
			path = Classes;
			sourceTree = SOURCE_ROOT;
		};
		67F6D4CC192755C300013623 /* UI */ = {
			isa = PBXGroup;
			children = (
				67F6D5F51927A51A00013623 /* Custom Cells */,
				67F6D5EF1927878A00013623 /* SASplashViewController.h */,
				67F6D5F01927878A00013623 /* SASplashViewController.m */,
				67F6D5F2192787D400013623 /* SAMainViewController.h */,
				67F6D5F3192787D400013623 /* SAMainViewController.m */,
			);
			path = UI;
			sourceTree = "<group>";
		};
		67F6D4DB19276DCB00013623 /* Third Parties */ = {
			isa = PBXGroup;
			children = (
				67A4F69F1928211300B830A7 /* EstimoteSDK */,
				67F6D5CC19277FFD00013623 /* AFNetworking */,
			);
			path = "Third Parties";
			sourceTree = SOURCE_ROOT;
		};
		67F6D5CC19277FFD00013623 /* AFNetworking */ = {
			isa = PBXGroup;
			children = (
				67F6D5CD19277FFD00013623 /* AFHTTPRequestOperation.h */,
				67F6D5CE19277FFD00013623 /* AFHTTPRequestOperation.m */,
				67F6D5CF19277FFD00013623 /* AFHTTPRequestOperationManager.h */,
				67F6D5D019277FFD00013623 /* AFHTTPRequestOperationManager.m */,
				67F6D5D119277FFD00013623 /* AFHTTPSessionManager.h */,
				67F6D5D219277FFD00013623 /* AFHTTPSessionManager.m */,
				67F6D5D319277FFD00013623 /* AFNetworking.h */,
				67F6D5D419277FFD00013623 /* AFNetworkReachabilityManager.h */,
				67F6D5D519277FFD00013623 /* AFNetworkReachabilityManager.m */,
				67F6D5D619277FFD00013623 /* AFSecurityPolicy.h */,
				67F6D5D719277FFD00013623 /* AFSecurityPolicy.m */,
				67F6D5D819277FFD00013623 /* AFURLConnectionOperation.h */,
				67F6D5D919277FFD00013623 /* AFURLConnectionOperation.m */,
				67F6D5DA19277FFD00013623 /* AFURLRequestSerialization.h */,
				67F6D5DB19277FFD00013623 /* AFURLRequestSerialization.m */,
				67F6D5DC19277FFD00013623 /* AFURLResponseSerialization.h */,
				67F6D5DD19277FFD00013623 /* AFURLResponseSerialization.m */,
				67F6D5DE19277FFD00013623 /* AFURLSessionManager.h */,
				67F6D5DF19277FFD00013623 /* AFURLSessionManager.m */,
			);
			path = AFNetworking;
			sourceTree = "<group>";
		};
		67F6D5F51927A51A00013623 /* Custom Cells */ = {
			isa = PBXGroup;
			children = (
				67F6D5F61927A55300013623 /* SAEventTableViewCell.h */,
				67F6D5F71927A55300013623 /* SAEventTableViewCell.m */,
			);
			path = "Custom Cells";
			sourceTree = "<group>";
		};
/* End PBXGroup section */

/* Begin PBXNativeTarget section */
		67F6D491192748D700013623 /* SmartAssist */ = {
			isa = PBXNativeTarget;
			buildConfigurationList = 67F6D4C4192748D700013623 /* Build configuration list for PBXNativeTarget "SmartAssist" */;
			buildPhases = (
				67F6D48E192748D700013623 /* Sources */,
				67F6D48F192748D700013623 /* Frameworks */,
				67F6D490192748D700013623 /* Resources */,
			);
			buildRules = (
			);
			dependencies = (
			);
			name = SmartAssist;
			productName = SmartAssist;
			productReference = 67F6D492192748D700013623 /* SmartAssist.app */;
			productType = "com.apple.product-type.application";
		};
		67F6D4B2192748D700013623 /* SmartAssistTests */ = {
			isa = PBXNativeTarget;
			buildConfigurationList = 67F6D4C7192748D700013623 /* Build configuration list for PBXNativeTarget "SmartAssistTests" */;
			buildPhases = (
				67F6D4AF192748D700013623 /* Sources */,
				67F6D4B0192748D700013623 /* Frameworks */,
				67F6D4B1192748D700013623 /* Resources */,
			);
			buildRules = (
			);
			dependencies = (
				67F6D4B9192748D700013623 /* PBXTargetDependency */,
			);
			name = SmartAssistTests;
			productName = SmartAssistTests;
			productReference = 67F6D4B3192748D700013623 /* SmartAssistTests.xctest */;
			productType = "com.apple.product-type.bundle.unit-test";
		};
/* End PBXNativeTarget section */

/* Begin PBXProject section */
		67F6D48A192748D700013623 /* Project object */ = {
			isa = PBXProject;
			attributes = {
				CLASSPREFIX = SA;
				LastUpgradeCheck = 0510;
				ORGANIZATIONNAME = COM.SmartAssist;
				TargetAttributes = {
					67F6D491192748D700013623 = {
						DevelopmentTeam = Q439YG92FR;
					};
					67F6D4B2192748D700013623 = {
						TestTargetID = 67F6D491192748D700013623;
					};
				};
			};
			buildConfigurationList = 67F6D48D192748D700013623 /* Build configuration list for PBXProject "SmartAssist" */;
			compatibilityVersion = "Xcode 3.2";
			developmentRegion = English;
			hasScannedForEncodings = 0;
			knownRegions = (
				en,
				Base,
			);
			mainGroup = 67F6D489192748D700013623;
			productRefGroup = 67F6D493192748D700013623 /* Products */;
			projectDirPath = "";
			projectRoot = "";
			targets = (
				67F6D491192748D700013623 /* SmartAssist */,
				67F6D4B2192748D700013623 /* SmartAssistTests */,
			);
		};
/* End PBXProject section */

/* Begin PBXResourcesBuildPhase section */
		67F6D490192748D700013623 /* Resources */ = {
			isa = PBXResourcesBuildPhase;
			buildActionMask = 2147483647;
			files = (
				67F6D4AE192748D700013623 /* Images.xcassets in Resources */,
				67F6D4A0192748D700013623 /* InfoPlist.strings in Resources */,
				67F6D4A9192748D700013623 /* SASmartAssist.storyboard in Resources */,
			);
			runOnlyForDeploymentPostprocessing = 0;
		};
		67F6D4B1192748D700013623 /* Resources */ = {
			isa = PBXResourcesBuildPhase;
			buildActionMask = 2147483647;
			files = (
				67F6D4BF192748D700013623 /* InfoPlist.strings in Resources */,
			);
			runOnlyForDeploymentPostprocessing = 0;
		};
/* End PBXResourcesBuildPhase section */

/* Begin PBXSourcesBuildPhase section */
		67F6D48E192748D700013623 /* Sources */ = {
			isa = PBXSourcesBuildPhase;
			buildActionMask = 2147483647;
			files = (
				67F6D5E519277FFD00013623 /* AFURLConnectionOperation.m in Sources */,
				67D0C2661927BAD200F59CC8 /* SARequestManager.m in Sources */,
				67F6D5E019277FFD00013623 /* AFHTTPRequestOperation.m in Sources */,
				67F6D5E319277FFD00013623 /* AFNetworkReachabilityManager.m in Sources */,
				67F6D5E819277FFD00013623 /* AFURLSessionManager.m in Sources */,
				67F6D5E619277FFD00013623 /* AFURLRequestSerialization.m in Sources */,
				67F6D4A6192748D700013623 /* SAAppDelegate.m in Sources */,
				67F6D5E719277FFD00013623 /* AFURLResponseSerialization.m in Sources */,
				67F6D5F11927878A00013623 /* SASplashViewController.m in Sources */,
				67F6D4D41927564300013623 /* SmartAssist.xcdatamodeld in Sources */,
				67F6D5E119277FFD00013623 /* AFHTTPRequestOperationManager.m in Sources */,
				67D0C25E1927B62E00F59CC8 /* SAUser.m in Sources */,
				67D0C25D1927B62E00F59CC8 /* SAEvent.m in Sources */,
				67D0C2631927B66300F59CC8 /* SADefines.m in Sources */,
				67F6D5F81927A55300013623 /* SAEventTableViewCell.m in Sources */,
				67F6D5E419277FFD00013623 /* AFSecurityPolicy.m in Sources */,
				67D0C25F1927B62E00F59CC8 /* SACoreDataManager.m in Sources */,
				67F6D5F4192787D400013623 /* SAMainViewController.m in Sources */,
				67F6D4A2192748D700013623 /* main.m in Sources */,
				67F6D5E219277FFD00013623 /* AFHTTPSessionManager.m in Sources */,
			);
			runOnlyForDeploymentPostprocessing = 0;
		};
		67F6D4AF192748D700013623 /* Sources */ = {
			isa = PBXSourcesBuildPhase;
			buildActionMask = 2147483647;
			files = (
				67F6D4C1192748D700013623 /* SmartAssistTests.m in Sources */,
			);
			runOnlyForDeploymentPostprocessing = 0;
		};
/* End PBXSourcesBuildPhase section */

/* Begin PBXTargetDependency section */
		67F6D4B9192748D700013623 /* PBXTargetDependency */ = {
			isa = PBXTargetDependency;
			target = 67F6D491192748D700013623 /* SmartAssist */;
			targetProxy = 67F6D4B8192748D700013623 /* PBXContainerItemProxy */;
		};
/* End PBXTargetDependency section */

/* Begin PBXVariantGroup section */
		67F6D49E192748D700013623 /* InfoPlist.strings */ = {
			isa = PBXVariantGroup;
			children = (
				67F6D49F192748D700013623 /* en */,
			);
			name = InfoPlist.strings;
			sourceTree = "<group>";
		};
		67F6D4A7192748D700013623 /* SASmartAssist.storyboard */ = {
			isa = PBXVariantGroup;
			children = (
				67F6D4A8192748D700013623 /* Base */,
			);
			name = SASmartAssist.storyboard;
			sourceTree = "<group>";
		};
		67F6D4BD192748D700013623 /* InfoPlist.strings */ = {
			isa = PBXVariantGroup;
			children = (
				67F6D4BE192748D700013623 /* en */,
			);
			name = InfoPlist.strings;
			sourceTree = "<group>";
		};
/* End PBXVariantGroup section */

/* Begin XCBuildConfiguration section */
		67F6D4C2192748D700013623 /* Debug */ = {
			isa = XCBuildConfiguration;
			buildSettings = {
				ALWAYS_SEARCH_USER_PATHS = NO;
				CLANG_CXX_LANGUAGE_STANDARD = "gnu++0x";
				CLANG_CXX_LIBRARY = "libc++";
				CLANG_ENABLE_MODULES = YES;
				CLANG_ENABLE_OBJC_ARC = YES;
				CLANG_WARN_BOOL_CONVERSION = YES;
				CLANG_WARN_CONSTANT_CONVERSION = YES;
				CLANG_WARN_DIRECT_OBJC_ISA_USAGE = YES_ERROR;
				CLANG_WARN_EMPTY_BODY = YES;
				CLANG_WARN_ENUM_CONVERSION = YES;
				CLANG_WARN_INT_CONVERSION = YES;
				CLANG_WARN_OBJC_ROOT_CLASS = YES_ERROR;
				CLANG_WARN__DUPLICATE_METHOD_MATCH = YES;
				"CODE_SIGN_IDENTITY[sdk=iphoneos*]" = "iPhone Developer";
				COPY_PHASE_STRIP = NO;
				GCC_C_LANGUAGE_STANDARD = gnu99;
				GCC_DYNAMIC_NO_PIC = NO;
				GCC_OPTIMIZATION_LEVEL = 0;
				GCC_PREPROCESSOR_DEFINITIONS = (
					"DEBUG=1",
					"$(inherited)",
				);
				GCC_SYMBOLS_PRIVATE_EXTERN = NO;
				GCC_WARN_64_TO_32_BIT_CONVERSION = YES;
				GCC_WARN_ABOUT_RETURN_TYPE = YES_ERROR;
				GCC_WARN_UNDECLARED_SELECTOR = YES;
				GCC_WARN_UNINITIALIZED_AUTOS = YES_AGGRESSIVE;
				GCC_WARN_UNUSED_FUNCTION = YES;
				GCC_WARN_UNUSED_VARIABLE = YES;
				IPHONEOS_DEPLOYMENT_TARGET = 7.1;
				ONLY_ACTIVE_ARCH = YES;
				SDKROOT = iphoneos;
			};
			name = Debug;
		};
		67F6D4C3192748D700013623 /* Release */ = {
			isa = XCBuildConfiguration;
			buildSettings = {
				ALWAYS_SEARCH_USER_PATHS = NO;
				CLANG_CXX_LANGUAGE_STANDARD = "gnu++0x";
				CLANG_CXX_LIBRARY = "libc++";
				CLANG_ENABLE_MODULES = YES;
				CLANG_ENABLE_OBJC_ARC = YES;
				CLANG_WARN_BOOL_CONVERSION = YES;
				CLANG_WARN_CONSTANT_CONVERSION = YES;
				CLANG_WARN_DIRECT_OBJC_ISA_USAGE = YES_ERROR;
				CLANG_WARN_EMPTY_BODY = YES;
				CLANG_WARN_ENUM_CONVERSION = YES;
				CLANG_WARN_INT_CONVERSION = YES;
				CLANG_WARN_OBJC_ROOT_CLASS = YES_ERROR;
				CLANG_WARN__DUPLICATE_METHOD_MATCH = YES;
				"CODE_SIGN_IDENTITY[sdk=iphoneos*]" = "iPhone Developer";
				COPY_PHASE_STRIP = YES;
				ENABLE_NS_ASSERTIONS = NO;
				GCC_C_LANGUAGE_STANDARD = gnu99;
				GCC_WARN_64_TO_32_BIT_CONVERSION = YES;
				GCC_WARN_ABOUT_RETURN_TYPE = YES_ERROR;
				GCC_WARN_UNDECLARED_SELECTOR = YES;
				GCC_WARN_UNINITIALIZED_AUTOS = YES_AGGRESSIVE;
				GCC_WARN_UNUSED_FUNCTION = YES;
				GCC_WARN_UNUSED_VARIABLE = YES;
				IPHONEOS_DEPLOYMENT_TARGET = 7.1;
				SDKROOT = iphoneos;
				VALIDATE_PRODUCT = YES;
			};
			name = Release;
		};
		67F6D4C5192748D700013623 /* Debug */ = {
			isa = XCBuildConfiguration;
			buildSettings = {
				ASSETCATALOG_COMPILER_APPICON_NAME = AppIcon;
				ASSETCATALOG_COMPILER_LAUNCHIMAGE_NAME = LaunchImage;
				CODE_SIGN_IDENTITY = "iPhone Developer";
				FRAMEWORK_SEARCH_PATHS = (
					"$(inherited)",
					"$(DEVELOPER_FRAMEWORKS_DIR)",
				);
				GCC_PRECOMPILE_PREFIX_HEADER = YES;
				GCC_PREFIX_HEADER = "SmartAssist/SmartAssist-Prefix.pch";
				INFOPLIST_FILE = "SmartAssist/SmartAssist-Info.plist";
				LIBRARY_SEARCH_PATHS = (
					"$(inherited)",
					"$(PROJECT_DIR)/Third",
					Parties/EstimoteSDK,
					"$(PROJECT_DIR)/Third",
					Parties/EstimoteSDK,
				);
				PRODUCT_NAME = "$(TARGET_NAME)";
				WRAPPER_EXTENSION = app;
			};
			name = Debug;
		};
		67F6D4C6192748D700013623 /* Release */ = {
			isa = XCBuildConfiguration;
			buildSettings = {
				ASSETCATALOG_COMPILER_APPICON_NAME = AppIcon;
				ASSETCATALOG_COMPILER_LAUNCHIMAGE_NAME = LaunchImage;
				CODE_SIGN_IDENTITY = "iPhone Developer";
				FRAMEWORK_SEARCH_PATHS = (
					"$(inherited)",
					"$(DEVELOPER_FRAMEWORKS_DIR)",
				);
				GCC_PRECOMPILE_PREFIX_HEADER = YES;
				GCC_PREFIX_HEADER = "SmartAssist/SmartAssist-Prefix.pch";
				INFOPLIST_FILE = "SmartAssist/SmartAssist-Info.plist";
				LIBRARY_SEARCH_PATHS = (
					"$(inherited)",
					"$(PROJECT_DIR)/Third",
					Parties/EstimoteSDK,
					"$(PROJECT_DIR)/Third",
					Parties/EstimoteSDK,
				);
				PRODUCT_NAME = "$(TARGET_NAME)";
				WRAPPER_EXTENSION = app;
			};
			name = Release;
		};
		67F6D4C8192748D700013623 /* Debug */ = {
			isa = XCBuildConfiguration;
			buildSettings = {
				BUNDLE_LOADER = "$(BUILT_PRODUCTS_DIR)/SmartAssist.app/SmartAssist";
				FRAMEWORK_SEARCH_PATHS = (
					"$(SDKROOT)/Developer/Library/Frameworks",
					"$(inherited)",
					"$(DEVELOPER_FRAMEWORKS_DIR)",
				);
				GCC_PRECOMPILE_PREFIX_HEADER = YES;
				GCC_PREFIX_HEADER = "SmartAssist/SmartAssist-Prefix.pch";
				GCC_PREPROCESSOR_DEFINITIONS = (
					"DEBUG=1",
					"$(inherited)",
				);
				INFOPLIST_FILE = "SmartAssistTests/SmartAssistTests-Info.plist";
				PRODUCT_NAME = "$(TARGET_NAME)";
				TEST_HOST = "$(BUNDLE_LOADER)";
				WRAPPER_EXTENSION = xctest;
			};
			name = Debug;
		};
		67F6D4C9192748D700013623 /* Release */ = {
			isa = XCBuildConfiguration;
			buildSettings = {
				BUNDLE_LOADER = "$(BUILT_PRODUCTS_DIR)/SmartAssist.app/SmartAssist";
				FRAMEWORK_SEARCH_PATHS = (
					"$(SDKROOT)/Developer/Library/Frameworks",
					"$(inherited)",
					"$(DEVELOPER_FRAMEWORKS_DIR)",
				);
				GCC_PRECOMPILE_PREFIX_HEADER = YES;
				GCC_PREFIX_HEADER = "SmartAssist/SmartAssist-Prefix.pch";
				INFOPLIST_FILE = "SmartAssistTests/SmartAssistTests-Info.plist";
				PRODUCT_NAME = "$(TARGET_NAME)";
				TEST_HOST = "$(BUNDLE_LOADER)";
				WRAPPER_EXTENSION = xctest;
			};
			name = Release;
		};
/* End XCBuildConfiguration section */

/* Begin XCConfigurationList section */
		67F6D48D192748D700013623 /* Build configuration list for PBXProject "SmartAssist" */ = {
			isa = XCConfigurationList;
			buildConfigurations = (
				67F6D4C2192748D700013623 /* Debug */,
				67F6D4C3192748D700013623 /* Release */,
			);
			defaultConfigurationIsVisible = 0;
			defaultConfigurationName = Release;
		};
		67F6D4C4192748D700013623 /* Build configuration list for PBXNativeTarget "SmartAssist" */ = {
			isa = XCConfigurationList;
			buildConfigurations = (
				67F6D4C5192748D700013623 /* Debug */,
				67F6D4C6192748D700013623 /* Release */,
			);
			defaultConfigurationIsVisible = 0;
			defaultConfigurationName = Release;
		};
		67F6D4C7192748D700013623 /* Build configuration list for PBXNativeTarget "SmartAssistTests" */ = {
			isa = XCConfigurationList;
			buildConfigurations = (
				67F6D4C8192748D700013623 /* Debug */,
				67F6D4C9192748D700013623 /* Release */,
			);
			defaultConfigurationIsVisible = 0;
			defaultConfigurationName = Release;
		};
/* End XCConfigurationList section */

/* Begin XCVersionGroup section */
		67F6D4D21927564300013623 /* SmartAssist.xcdatamodeld */ = {
			isa = XCVersionGroup;
			children = (
				67F6D4D31927564300013623 /* SmartAssist.xcdatamodel */,
			);
			currentVersion = 67F6D4D31927564300013623 /* SmartAssist.xcdatamodel */;
			path = SmartAssist.xcdatamodeld;
			sourceTree = "<group>";
			versionGroupType = wrapper.xcdatamodel;
		};
/* End XCVersionGroup section */
	};
	rootObject = 67F6D48A192748D700013623 /* Project object */;
}
